<?xml version="1.0" encoding="utf-8"?>
<Project ToolsVersion="4.0" xmlns="http://schemas.microsoft.com/developer/msbuild/2003">
  <ItemGroup>
    <Filter Include="源文件">
      <UniqueIdentifier>{4FC737F1-C7A5-4376-A066-2A32D752A2FF}</UniqueIdentifier>
      <Extensions>cpp;c;cc;cxx;def;odl;idl;hpj;bat;asm;asmx</Extensions>
    </Filter>
    <Filter Include="头文件">
      <UniqueIdentifier>{93995380-89BD-4b04-88EB-625FBE52EBFB}</UniqueIdentifier>
      <Extensions>h;hh;hpp;hxx;hm;inl;inc;xsd</Extensions>
    </Filter>
    <Filter Include="资源文件">
      <UniqueIdentifier>{67DA6AB6-F800-4c08-8B7A-83BB121AAD01}</UniqueIdentifier>
      <Extensions>rc;ico;cur;bmp;dlg;rc2;rct;bin;rgs;gif;jpg;jpeg;jpe;resx;tiff;tif;png;wav;mfcribbon-ms</Extensions>
    </Filter>
    <Filter Include="源文件\View">
      <UniqueIdentifier>{7e55c9f4-b2ee-441b-bfb4-b1f127b65939}</UniqueIdentifier>
    </Filter>
    <Filter Include="头文件\View">
      <UniqueIdentifier>{89856f8e-90be-4157-94db-1dd8474c2f41}</UniqueIdentifier>
    </Filter>
    <Filter Include="头文件\Controller">
      <UniqueIdentifier>{8b6e6795-044a-46a1-8dc8-b2a35d04b510}</UniqueIdentifier>
    </Filter>
    <Filter Include="源文件\Controller">
      <UniqueIdentifier>{6eaa2acc-8bfe-45bb-a73e-cd9fde253b50}</UniqueIdentifier>
    </Filter>
    <Filter Include="头文件\Model">
      <UniqueIdentifier>{ea33095c-b8d4-4d9c-a4c5-504d39d77aa0}</UniqueIdentifier>
    </Filter>
    <Filter Include="源文件\Model">
      <UniqueIdentifier>{28c478f4-207e-4912-a18a-270d7dde7269}</UniqueIdentifier>
    </Filter>
  </ItemGroup>
  <ItemGroup>
    <ClCompile Include="main.cpp">
      <Filter>源文件</Filter>
    </ClCompile>
    <ClCompile Include="View\menu.cpp">
      <Filter>源文件\View</Filter>
    </ClCompile>
    <ClCompile Include="Controller\itemctrl.cpp">
      <Filter>源文件\Controller</Filter>
    </ClCompile>
    <ClCompile Include="Model\item.cpp">
      <Filter>源文件\Model</Filter>
    </ClCompile>
    <ClCompile Include="Model\user.cpp">
      <Filter>源文件\Model</Filter>
    </ClCompile>
    <ClCompile Include="Controller\userctrl.cpp">
      <Filter>源文件\Controller</Filter>
    </ClCompile>
    <ClCompile Include="Controller\cartctrl.cpp">
      <Filter>源文件\Controller</Filter>
    </ClCompile>
    <ClCompile Include="Controller\filectrl.cpp">
      <Filter>源文件\Controller</Filter>
    </ClCompile>
  </ItemGroup>
  <ItemGroup>
    <ClInclude Include="setting.h">
      <Filter>头文件</Filter>
    </ClInclude>
    <ClInclude Include="View\menu.h">
      <Filter>头文件\View</Filter>
    </ClInclude>
    <ClInclude Include="const.h">
      <Filter>头文件</Filter>
    </ClInclude>
    <ClInclude Include="Controller\itemctrl.h">
      <Filter>头文件\Controller</Filter>
    </ClInclude>
    <ClInclude Include="Model\item.h">
      <Filter>头文件\Model</Filter>
    </ClInclude>
    <ClInclude Include="Model\user.h">
      <Filter>头文件\Model</Filter>
    </ClInclude>
    <ClInclude Include="Controller\userctrl.h">
      <Filter>头文件\Controller</Filter>
    </ClInclude>
    <ClInclude Include="Controller\cartctrl.h">
      <Filter>头文件\Controller</Filter>
    </ClInclude>
    <ClInclude Include="Controller\filectrl.h">
      <Filter>头文件\Controller</Filter>
    </ClInclude>
  </ItemGroup>
</Project>